lockfileVersion: 5.4

specifiers:
  '@portabletext/toolkit': ^1.0.5
  '@portabletext/types': ^1.0.3

dependencies:
  '@portabletext/toolkit': 1.0.5
  '@portabletext/types': 1.0.3

packages:

  /@portabletext/toolkit/1.0.5:
    resolution: {integrity: sha512-kwVOfVoquufDQNmzzhGxji9A+/T+dhLKKOHEHldM1kMUoNzY6wwrt5H/Plnw4xbdE780kkwqJqHxjxoSYr706A==}
    dependencies:
      '@portabletext/types': 1.0.3
    dev: false

  /@portabletext/types/1.0.3:
    resolution: {integrity: sha512-SDDsdury2SaTI2D5Ea6o+Y39SSZMYHRMWJHxkxYl3yzFP0n/0EknOhoXcoaV+bxGr2dTTqZi2TOEj+uWYuavSw==}
    engines: {node: ^12.20.0 || ^14.13.1 || >=16.0.0}
    dev: false
